
Microsoft Visual Studio Solution File, Format Version 11.00
# Visual Studio 2010
Project("{FAE04EC0-301F-11D3-BF4B-00C04F79EFBC}") = "DotNetRoo", "DotNetRoo\DotNetRoo.csproj", "{D6000F6C-D36D-4B98-ABD4-0B32DDDC8F5C}"
EndProject
Project("{2150E333-8FDC-42A3-9474-1A3956D46DE8}") = "local-nuget-repository", "local-nuget-repository", "{56E1D065-DC2C-43C0-AB9A-AE11249F63EB}"
	ProjectSection(SolutionItems) = preProject
		README.txt = README.txt
		local-nuget-repository\T4Scaffolding.Core.1.0.0.nupkg = local-nuget-repository\T4Scaffolding.Core.1.0.0.nupkg
	EndProjectSection
EndProject
Global
	GlobalSection(SolutionConfigurationPlatforms) = preSolution
		Debug|Any CPU = Debug|Any CPU
		Debug|Mixed Platforms = Debug|Mixed Platforms
		Debug|x86 = Debug|x86
		Release|Any CPU = Release|Any CPU
		Release|Mixed Platforms = Release|Mixed Platforms
		Release|x86 = Release|x86
	EndGlobalSection
	GlobalSection(ProjectConfigurationPlatforms) = postSolution
		{D6000F6C-D36D-4B98-ABD4-0B32DDDC8F5C}.Debug|Any CPU.ActiveCfg = Debug|Any CPU
		{D6000F6C-D36D-4B98-ABD4-0B32DDDC8F5C}.Debug|Any CPU.Build.0 = Debug|Any CPU
		{D6000F6C-D36D-4B98-ABD4-0B32DDDC8F5C}.Debug|Mixed Platforms.ActiveCfg = Debug|Any CPU
		{D6000F6C-D36D-4B98-ABD4-0B32DDDC8F5C}.Debug|Mixed Platforms.Build.0 = Debug|Any CPU
		{D6000F6C-D36D-4B98-ABD4-0B32DDDC8F5C}.Debug|x86.ActiveCfg = Debug|Any CPU
		{D6000F6C-D36D-4B98-ABD4-0B32DDDC8F5C}.Release|Any CPU.ActiveCfg = Release|Any CPU
		{D6000F6C-D36D-4B98-ABD4-0B32DDDC8F5C}.Release|Any CPU.Build.0 = Release|Any CPU
		{D6000F6C-D36D-4B98-ABD4-0B32DDDC8F5C}.Release|Mixed Platforms.ActiveCfg = Release|Any CPU
		{D6000F6C-D36D-4B98-ABD4-0B32DDDC8F5C}.Release|Mixed Platforms.Build.0 = Release|Any CPU
		{D6000F6C-D36D-4B98-ABD4-0B32DDDC8F5C}.Release|x86.ActiveCfg = Release|Any CPU
	EndGlobalSection
	GlobalSection(SolutionProperties) = preSolution
		HideSolutionNode = FALSE
	EndGlobalSection
EndGlobal
