
Microsoft Visual Studio Solution File, Format Version 11.00
# Visual Studio 2010
Project("{FAE04EC0-301F-11D3-BF4B-00C04F79EFBC}") = "DotNetRoo", "DotNetRoo\DotNetRoo.csproj", "{D6000F6C-D36D-4B98-ABD4-0B32DDDC8F5C}"
EndProject
Project("{FAE04EC0-301F-11D3-BF4B-00C04F79EFBC}") = "Ray", "Ray\Ray.csproj", "{E3E2B209-A1F6-488A-9C16-1068FA72E0BF}"
EndProject
Project("{FAE04EC0-301F-11D3-BF4B-00C04F79EFBC}") = "Jin", "Jin\Jin.csproj", "{6CD05788-AA35-4EAA-8734-50F8F413D230}"
EndProject
Project("{FAE04EC0-301F-11D3-BF4B-00C04F79EFBC}") = "Resisa", "Resisa\Resisa.csproj", "{595D74EC-0E86-4A98-9F46-0C8C30A0F626}"
EndProject
Project("{FAE04EC0-301F-11D3-BF4B-00C04F79EFBC}") = "Young", "Young\Young.csproj", "{02329CA4-6EC7-4390-9826-57F4E212876D}"
EndProject
Project("{2150E333-8FDC-42A3-9474-1A3956D46DE8}") = "local-nuget-repository", "local-nuget-repository", "{56E1D065-DC2C-43C0-AB9A-AE11249F63EB}"
	ProjectSection(SolutionItems) = preProject
		README.txt = README.txt
		local-nuget-repository\T4Scaffolding.Core.1.0.0.nupkg = local-nuget-repository\T4Scaffolding.Core.1.0.0.nupkg
	EndProjectSection
EndProject
Global
	GlobalSection(SolutionConfigurationPlatforms) = preSolution
		Debug|Any CPU = Debug|Any CPU
		Release|Any CPU = Release|Any CPU
	EndGlobalSection
	GlobalSection(ProjectConfigurationPlatforms) = postSolution
		{D6000F6C-D36D-4B98-ABD4-0B32DDDC8F5C}.Debug|Any CPU.ActiveCfg = Debug|Any CPU
		{D6000F6C-D36D-4B98-ABD4-0B32DDDC8F5C}.Debug|Any CPU.Build.0 = Debug|Any CPU
		{D6000F6C-D36D-4B98-ABD4-0B32DDDC8F5C}.Release|Any CPU.ActiveCfg = Release|Any CPU
		{D6000F6C-D36D-4B98-ABD4-0B32DDDC8F5C}.Release|Any CPU.Build.0 = Release|Any CPU
		{E3E2B209-A1F6-488A-9C16-1068FA72E0BF}.Debug|Any CPU.ActiveCfg = Debug|Any CPU
		{E3E2B209-A1F6-488A-9C16-1068FA72E0BF}.Debug|Any CPU.Build.0 = Debug|Any CPU
		{E3E2B209-A1F6-488A-9C16-1068FA72E0BF}.Release|Any CPU.ActiveCfg = Release|Any CPU
		{E3E2B209-A1F6-488A-9C16-1068FA72E0BF}.Release|Any CPU.Build.0 = Release|Any CPU
		{6CD05788-AA35-4EAA-8734-50F8F413D230}.Debug|Any CPU.ActiveCfg = Debug|Any CPU
		{6CD05788-AA35-4EAA-8734-50F8F413D230}.Debug|Any CPU.Build.0 = Debug|Any CPU
		{6CD05788-AA35-4EAA-8734-50F8F413D230}.Release|Any CPU.ActiveCfg = Release|Any CPU
		{6CD05788-AA35-4EAA-8734-50F8F413D230}.Release|Any CPU.Build.0 = Release|Any CPU
		{595D74EC-0E86-4A98-9F46-0C8C30A0F626}.Debug|Any CPU.ActiveCfg = Debug|Any CPU
		{595D74EC-0E86-4A98-9F46-0C8C30A0F626}.Debug|Any CPU.Build.0 = Debug|Any CPU
		{595D74EC-0E86-4A98-9F46-0C8C30A0F626}.Release|Any CPU.ActiveCfg = Release|Any CPU
		{595D74EC-0E86-4A98-9F46-0C8C30A0F626}.Release|Any CPU.Build.0 = Release|Any CPU
		{02329CA4-6EC7-4390-9826-57F4E212876D}.Debug|Any CPU.ActiveCfg = Debug|Any CPU
		{02329CA4-6EC7-4390-9826-57F4E212876D}.Debug|Any CPU.Build.0 = Debug|Any CPU
		{02329CA4-6EC7-4390-9826-57F4E212876D}.Release|Any CPU.ActiveCfg = Release|Any CPU
		{02329CA4-6EC7-4390-9826-57F4E212876D}.Release|Any CPU.Build.0 = Release|Any CPU
	EndGlobalSection
	GlobalSection(SolutionProperties) = preSolution
		HideSolutionNode = FALSE
	EndGlobalSection
EndGlobal
